{
  "name": "Website-Pencarian Magang",
  "lockfileVersion": 2,
  "requires": true,
  "packages": {
    "": {
      "dependencies": {
        "sweetalert2": "^11.26.20"
      }
    },
    "node_modules/sweetalert2": {
      "version": "11.26.20",
      "resolved": "https://registry.npmjs.org/sweetalert2/-/sweetalert2-11.26.20.tgz",
      "integrity": "sha512-mG3guPRzmpqGufTQ05Kr7WQIe1xfBEB9JwPIJbR2plL0ezVzS3qmazuzse0J8+/YYGCGrAL4Us2Sm5VCgHyuRg==",
      "funding": {
        "type": "individual",
        "url": "https://github.com/sponsors/limonte"
      }
    }
  },
  "dependencies": {
    "sweetalert2": {
      "version": "11.26.20",
      "resolved": "https://registry.npmjs.org/sweetalert2/-/sweetalert2-11.26.20.tgz",
      "integrity": "sha512-mG3guPRzmpqGufTQ05Kr7WQIe1xfBEB9JwPIJbR2plL0ezVzS3qmazuzse0J8+/YYGCGrAL4Us2Sm5VCgHyuRg=="
    }
  }
}
